
Microsoft Visual Studio Solution File, Format Version 12.00
# Visual Studio Version 16
VisualStudioVersion = 16.0.29613.14
MinimumVisualStudioVersion = 10.0.40219.1
Project("{9A19103F-16F7-4668-BE54-9A1E7A4F7556}") = "ConsoleApp1", "..\ConsoleApp\ConsoleApp1.csproj", "{3F0243D4-3C56-47C5-9DED-D005180EFC14}"
EndProject
Project("{9A19103F-16F7-4668-BE54-9A1E7A4F7556}") = "NUnitTestProject2", "..\..\Projet2_test\NUnitTestProject2.csproj", "{CC9AF8CB-46AD-4F95-AD2A-0F29E89EBC4C}"
EndProject
Global
	GlobalSection(SolutionConfigurationPlatforms) = preSolution
		Debug|Any CPU = Debug|Any CPU
		Release|Any CPU = Release|Any CPU
	EndGlobalSection
	GlobalSection(ProjectConfigurationPlatforms) = postSolution
		{3F0243D4-3C56-47C5-9DED-D005180EFC14}.Debug|Any CPU.ActiveCfg = Debug|Any CPU
		{3F0243D4-3C56-47C5-9DED-D005180EFC14}.Debug|Any CPU.Build.0 = Debug|Any CPU
		{3F0243D4-3C56-47C5-9DED-D005180EFC14}.Release|Any CPU.ActiveCfg = Release|Any CPU
		{3F0243D4-3C56-47C5-9DED-D005180EFC14}.Release|Any CPU.Build.0 = Release|Any CPU
		{CC9AF8CB-46AD-4F95-AD2A-0F29E89EBC4C}.Debug|Any CPU.ActiveCfg = Debug|Any CPU
		{CC9AF8CB-46AD-4F95-AD2A-0F29E89EBC4C}.Debug|Any CPU.Build.0 = Debug|Any CPU
		{CC9AF8CB-46AD-4F95-AD2A-0F29E89EBC4C}.Release|Any CPU.ActiveCfg = Release|Any CPU
		{CC9AF8CB-46AD-4F95-AD2A-0F29E89EBC4C}.Release|Any CPU.Build.0 = Release|Any CPU
	EndGlobalSection
	GlobalSection(SolutionProperties) = preSolution
		HideSolutionNode = FALSE
	EndGlobalSection
	GlobalSection(ExtensibilityGlobals) = postSolution
		SolutionGuid = {A9CAB605-AB7F-48B2-82A1-ACE40AD2C8D8}
	EndGlobalSection
EndGlobal
