
Microsoft Visual Studio Solution File, Format Version 12.00
# Visual Studio Version 16
VisualStudioVersion = 16.0.29709.97
MinimumVisualStudioVersion = 10.0.40219.1
Project("{9A19103F-16F7-4668-BE54-9A1E7A4F7556}") = "ConsoleApp1", "ConsoleApp1.csproj", "{DC3FB274-3E05-493F-A89B-F489BA9228D2}"
EndProject
Project("{FAE04EC0-301F-11D3-BF4B-00C04F79EFBC}") = "NUnitTestProjet2Banque", "..\NUnitTestProjet2Banque\NUnitTestProjet2Banque.csproj", "{EED12263-B669-4496-99E7-186C0FB3018A}"
EndProject
Global
	GlobalSection(SolutionConfigurationPlatforms) = preSolution
		Debug|Any CPU = Debug|Any CPU
		Release|Any CPU = Release|Any CPU
	EndGlobalSection
	GlobalSection(ProjectConfigurationPlatforms) = postSolution
		{DC3FB274-3E05-493F-A89B-F489BA9228D2}.Debug|Any CPU.ActiveCfg = Debug|Any CPU
		{DC3FB274-3E05-493F-A89B-F489BA9228D2}.Debug|Any CPU.Build.0 = Debug|Any CPU
		{DC3FB274-3E05-493F-A89B-F489BA9228D2}.Release|Any CPU.ActiveCfg = Release|Any CPU
		{DC3FB274-3E05-493F-A89B-F489BA9228D2}.Release|Any CPU.Build.0 = Release|Any CPU
		{EED12263-B669-4496-99E7-186C0FB3018A}.Debug|Any CPU.ActiveCfg = Debug|Any CPU
		{EED12263-B669-4496-99E7-186C0FB3018A}.Debug|Any CPU.Build.0 = Debug|Any CPU
		{EED12263-B669-4496-99E7-186C0FB3018A}.Release|Any CPU.ActiveCfg = Release|Any CPU
		{EED12263-B669-4496-99E7-186C0FB3018A}.Release|Any CPU.Build.0 = Release|Any CPU
	EndGlobalSection
	GlobalSection(SolutionProperties) = preSolution
		HideSolutionNode = FALSE
	EndGlobalSection
	GlobalSection(ExtensibilityGlobals) = postSolution
		SolutionGuid = {3C8406BA-0379-4717-9032-B15829DBE930}
	EndGlobalSection
EndGlobal
