
Microsoft Visual Studio Solution File, Format Version 12.00
# Visual Studio Version 16
VisualStudioVersion = 16.0.29613.14
MinimumVisualStudioVersion = 10.0.40219.1
Project("{FAE04EC0-301F-11D3-BF4B-00C04F79EFBC}") = "ConsoleApp1", "ConsoleApp1.csproj", "{D7A84F01-3B02-4C80-B8DA-D83D4CFC491D}"
EndProject
Global
	GlobalSection(SolutionConfigurationPlatforms) = preSolution
		Debug|Any CPU = Debug|Any CPU
		Release|Any CPU = Release|Any CPU
	EndGlobalSection
	GlobalSection(ProjectConfigurationPlatforms) = postSolution
		{D7A84F01-3B02-4C80-B8DA-D83D4CFC491D}.Debug|Any CPU.ActiveCfg = Debug|Any CPU
		{D7A84F01-3B02-4C80-B8DA-D83D4CFC491D}.Debug|Any CPU.Build.0 = Debug|Any CPU
		{D7A84F01-3B02-4C80-B8DA-D83D4CFC491D}.Release|Any CPU.ActiveCfg = Release|Any CPU
		{D7A84F01-3B02-4C80-B8DA-D83D4CFC491D}.Release|Any CPU.Build.0 = Release|Any CPU
	EndGlobalSection
	GlobalSection(SolutionProperties) = preSolution
		HideSolutionNode = FALSE
	EndGlobalSection
	GlobalSection(ExtensibilityGlobals) = postSolution
		SolutionGuid = {FD50A1C2-071E-469A-8AA9-41B0A36C160F}
	EndGlobalSection
EndGlobal
